PODS:
  - MathpixClient (0.1.3):
    - PureLayout
  - PureLayout (3.0.2)

DEPENDENCIES:
  - MathpixClient

SPEC REPOS:
  https://github.com/cocoapods/specs.git:
    - MathpixClient
    - PureLayout

SPEC CHECKSUMS:
  MathpixClient: 6cdef04ac1f77baadc824fc045d33e2bd5627475
  PureLayout: 4d550abe49a94f24c2808b9b95db9131685fe4cd

PODFILE CHECKSUM: 5ab3edabb3babfb9743c660e386a721868f6db80

COCOAPODS: 1.5.3
