// !$*UTF8*$!
{
	archiveVersion = 1;
	classes = {
	};
	objectVersion = 46;
	objects = {

/* Begin PBXBuildFile section */
		2F5103D52153012B0019B083 /* MathOperation.swift in Sources */ = {isa = PBXBuildFile; fileRef = 2F5103D42153012B0019B083 /* MathOperation.swift */; };
		9E18F9881E3764F200EBA699 /* AppDelegate.swift in Sources */ = {isa = PBXBuildFile; fileRef = 9E18F9871E3764F200EBA699 /* AppDelegate.swift */; };
		9E18F98A1E3764F200EBA699 /* ViewController.swift in Sources */ = {isa = PBXBuildFile; fileRef = 9E18F9891E3764F200EBA699 /* ViewController.swift */; };
		9E18F98D1E3764F200EBA699 /* Main.storyboard in Resources */ = {isa = PBXBuildFile; fileRef = 9E18F98B1E3764F200EBA699 /* Main.storyboard */; };
		9E18F98F1E3764F200EBA699 /* Assets.xcassets in Resources */ = {isa = PBXBuildFile; fileRef = 9E18F98E1E3764F200EBA699 /* Assets.xcassets */; };
		9E18F9921E3764F200EBA699 /* LaunchScreen.storyboard in Resources */ = {isa = PBXBuildFile; fileRef = 9E18F9901E3764F200EBA699 /* LaunchScreen.storyboard */; };
		9E18F99A1E37658A00EBA699 /* PhotoViewController.swift in Sources */ = {isa = PBXBuildFile; fileRef = 9E18F9991E37658A00EBA699 /* PhotoViewController.swift */; };
		C922B935E03D795095E2F8F6 /* Pods_CustomCamera.framework in Frameworks */ = {isa = PBXBuildFile; fileRef = 719C0C5CDF3C0BB077AE3369 /* Pods_CustomCamera.framework */; };
/* End PBXBuildFile section */

/* Begin PBXContainerItemProxy section */
		2F81C4AE2152D5CE00A45C3A /* PBXContainerItemProxy */ = {
			isa = PBXContainerItemProxy;
			containerPortal = 2F81C4A72152D5CE00A45C3A /* GPUImage.xcodeproj */;
			proxyType = 2;
			remoteGlobalIDString = BC6E7CAB1C39A9D8006DF678;
			remoteInfo = GPUImage_macOS;
		};
		2F81C4B02152D5CE00A45C3A /* PBXContainerItemProxy */ = {
			isa = PBXContainerItemProxy;
			containerPortal = 2F81C4A72152D5CE00A45C3A /* GPUImage.xcodeproj */;
			proxyType = 2;
			remoteGlobalIDString = BC6E7CB51C39A9D8006DF678;
			remoteInfo = GPUImageTests_macOS;
		};
		2F81C4B22152D5CE00A45C3A /* PBXContainerItemProxy */ = {
			isa = PBXContainerItemProxy;
			containerPortal = 2F81C4A72152D5CE00A45C3A /* GPUImage.xcodeproj */;
			proxyType = 2;
			remoteGlobalIDString = BC9E34E91E524A2200B8604F;
			remoteInfo = GPUImage_iOS;
		};
		2F81C4B42152D5CE00A45C3A /* PBXContainerItemProxy */ = {
			isa = PBXContainerItemProxy;
			containerPortal = 2F81C4A72152D5CE00A45C3A /* GPUImage.xcodeproj */;
			proxyType = 2;
			remoteGlobalIDString = BC9E34F11E524A2200B8604F;
			remoteInfo = GPUImageTests_iOS;
		};
		2F81C4B62152D5E200A45C3A /* PBXContainerItemProxy */ = {
			isa = PBXContainerItemProxy;
			containerPortal = 2F81C4A72152D5CE00A45C3A /* GPUImage.xcodeproj */;
			proxyType = 1;
			remoteGlobalIDString = BC9E34E81E524A2200B8604F;
			remoteInfo = GPUImage_iOS;
		};
/* End PBXContainerItemProxy section */

/* Begin PBXFileReference section */
		2F5103D42153012B0019B083 /* MathOperation.swift */ = {isa = PBXFileReference; lastKnownFileType = sourcecode.swift; path = MathOperation.swift; sourceTree = "<group>"; };
		2F81C4A72152D5CE00A45C3A /* GPUImage.xcodeproj */ = {isa = PBXFileReference; lastKnownFileType = "wrapper.pb-project"; name = GPUImage.xcodeproj; path = ../GPUImage2/framework/GPUImage.xcodeproj; sourceTree = "<group>"; };
		719C0C5CDF3C0BB077AE3369 /* Pods_CustomCamera.framework */ = {isa = PBXFileReference; explicitFileType = wrapper.framework; includeInIndex = 0; path = Pods_CustomCamera.framework; sourceTree = BUILT_PRODUCTS_DIR; };
		9E18F9841E3764F200EBA699 /* CustomCamera.app */ = {isa = PBXFileReference; explicitFileType = wrapper.application; includeInIndex = 0; path = CustomCamera.app; sourceTree = BUILT_PRODUCTS_DIR; };
		9E18F9871E3764F200EBA699 /* AppDelegate.swift */ = {isa = PBXFileReference; lastKnownFileType = sourcecode.swift; path = AppDelegate.swift; sourceTree = "<group>"; };
		9E18F9891E3764F200EBA699 /* ViewController.swift */ = {isa = PBXFileReference; lastKnownFileType = sourcecode.swift; path = ViewController.swift; sourceTree = "<group>"; };
		9E18F98C1E3764F200EBA699 /* Base */ = {isa = PBXFileReference; lastKnownFileType = file.storyboard; name = Base; path = Base.lproj/Main.storyboard; sourceTree = "<group>"; };
		9E18F98E1E3764F200EBA699 /* Assets.xcassets */ = {isa = PBXFileReference; lastKnownFileType = folder.assetcatalog; path = Assets.xcassets; sourceTree = "<group>"; };
		9E18F9911E3764F200EBA699 /* Base */ = {isa = PBXFileReference; lastKnownFileType = file.storyboard; name = Base; path = Base.lproj/LaunchScreen.storyboard; sourceTree = "<group>"; };
		9E18F9931E3764F200EBA699 /* Info.plist */ = {isa = PBXFileReference; lastKnownFileType = text.plist.xml; path = Info.plist; sourceTree = "<group>"; };
		9E18F9991E37658A00EBA699 /* PhotoViewController.swift */ = {isa = PBXFileReference; fileEncoding = 4; lastKnownFileType = sourcecode.swift; path = PhotoViewController.swift; sourceTree = "<group>"; };
		B7BE1AC26114698E3029C74D /* Pods-CustomCamera.debug.xcconfig */ = {isa = PBXFileReference; includeInIndex = 1; lastKnownFileType = text.xcconfig; name = "Pods-CustomCamera.debug.xcconfig"; path = "Pods/Target Support Files/Pods-CustomCamera/Pods-CustomCamera.debug.xcconfig"; sourceTree = "<group>"; };
		DC460F4887125C099F4BF2AA /* Pods-CustomCamera.release.xcconfig */ = {isa = PBXFileReference; includeInIndex = 1; lastKnownFileType = text.xcconfig; name = "Pods-CustomCamera.release.xcconfig"; path = "Pods/Target Support Files/Pods-CustomCamera/Pods-CustomCamera.release.xcconfig"; sourceTree = "<group>"; };
/* End PBXFileReference section */

/* Begin PBXFrameworksBuildPhase section */
		9E18F9811E3764F200EBA699 /* Frameworks */ = {
			isa = PBXFrameworksBuildPhase;
			buildActionMask = 2147483647;
			files = (
				C922B935E03D795095E2F8F6 /* Pods_CustomCamera.framework in Frameworks */,
			);
			runOnlyForDeploymentPostprocessing = 0;
		};
/* End PBXFrameworksBuildPhase section */

/* Begin PBXGroup section */
		0DE866A7DF3C65619C6CE6D7 /* Frameworks */ = {
			isa = PBXGroup;
			children = (
				719C0C5CDF3C0BB077AE3369 /* Pods_CustomCamera.framework */,
			);
			name = Frameworks;
			sourceTree = "<group>";
		};
		2F81C4A82152D5CE00A45C3A /* Products */ = {
			isa = PBXGroup;
			children = (
				2F81C4AF2152D5CE00A45C3A /* GPUImage.framework */,
				2F81C4B12152D5CE00A45C3A /* GPUImageTests_macOS.xctest */,
				2F81C4B32152D5CE00A45C3A /* GPUImage.framework */,
				2F81C4B52152D5CE00A45C3A /* GPUImageTests_iOS.xctest */,
			);
			name = Products;
			sourceTree = "<group>";
		};
		81F26DEFC50B3508CD2BAD2C /* Pods */ = {
			isa = PBXGroup;
			children = (
				B7BE1AC26114698E3029C74D /* Pods-CustomCamera.debug.xcconfig */,
				DC460F4887125C099F4BF2AA /* Pods-CustomCamera.release.xcconfig */,
			);
			name = Pods;
			sourceTree = "<group>";
		};
		9E18F97B1E3764F200EBA699 = {
			isa = PBXGroup;
			children = (
				2F81C4A72152D5CE00A45C3A /* GPUImage.xcodeproj */,
				9E18F9861E3764F200EBA699 /* CustomCamera */,
				9E18F9851E3764F200EBA699 /* Products */,
				81F26DEFC50B3508CD2BAD2C /* Pods */,
				0DE866A7DF3C65619C6CE6D7 /* Frameworks */,
			);
			sourceTree = "<group>";
		};
		9E18F9851E3764F200EBA699 /* Products */ = {
			isa = PBXGroup;
			children = (
				9E18F9841E3764F200EBA699 /* CustomCamera.app */,
			);
			name = Products;
			sourceTree = "<group>";
		};
		9E18F9861E3764F200EBA699 /* CustomCamera */ = {
			isa = PBXGroup;
			children = (
				9E18F9871E3764F200EBA699 /* AppDelegate.swift */,
				9E18F9891E3764F200EBA699 /* ViewController.swift */,
				2F5103D42153012B0019B083 /* MathOperation.swift */,
				9E18F9991E37658A00EBA699 /* PhotoViewController.swift */,
				9E18F98B1E3764F200EBA699 /* Main.storyboard */,
				9E18F98E1E3764F200EBA699 /* Assets.xcassets */,
				9E18F9901E3764F200EBA699 /* LaunchScreen.storyboard */,
				9E18F9931E3764F200EBA699 /* Info.plist */,
			);
			path = CustomCamera;
			sourceTree = "<group>";
		};
/* End PBXGroup section */

/* Begin PBXNativeTarget section */
		9E18F9831E3764F200EBA699 /* CustomCamera */ = {
			isa = PBXNativeTarget;
			buildConfigurationList = 9E18F9961E3764F200EBA699 /* Build configuration list for PBXNativeTarget "CustomCamera" */;
			buildPhases = (
				C8A34C6C99E8D2D1ECC99E6D /* [CP] Check Pods Manifest.lock */,
				9E18F9801E3764F200EBA699 /* Sources */,
				9E18F9811E3764F200EBA699 /* Frameworks */,
				9E18F9821E3764F200EBA699 /* Resources */,
				204FAD7F30C16366BAC54F5B /* [CP] Embed Pods Frameworks */,
			);
			buildRules = (
			);
			dependencies = (
				2F81C4B72152D5E200A45C3A /* PBXTargetDependency */,
			);
			name = CustomCamera;
			productName = CustomCamera;
			productReference = 9E18F9841E3764F200EBA699 /* CustomCamera.app */;
			productType = "com.apple.product-type.application";
		};
/* End PBXNativeTarget section */

/* Begin PBXProject section */
		9E18F97C1E3764F200EBA699 /* Project object */ = {
			isa = PBXProject;
			attributes = {
				LastSwiftUpdateCheck = 0820;
				LastUpgradeCheck = 0820;
				ORGANIZATIONNAME = "Brian Advent";
				TargetAttributes = {
					9E18F9831E3764F200EBA699 = {
						CreatedOnToolsVersion = 8.2.1;
						DevelopmentTeam = D832P2576Y;
						ProvisioningStyle = Automatic;
					};
				};
			};
			buildConfigurationList = 9E18F97F1E3764F200EBA699 /* Build configuration list for PBXProject "CustomCamera" */;
			compatibilityVersion = "Xcode 3.2";
			developmentRegion = English;
			hasScannedForEncodings = 0;
			knownRegions = (
				en,
				Base,
			);
			mainGroup = 9E18F97B1E3764F200EBA699;
			productRefGroup = 9E18F9851E3764F200EBA699 /* Products */;
			projectDirPath = "";
			projectReferences = (
				{
					ProductGroup = 2F81C4A82152D5CE00A45C3A /* Products */;
					ProjectRef = 2F81C4A72152D5CE00A45C3A /* GPUImage.xcodeproj */;
				},
			);
			projectRoot = "";
			targets = (
				9E18F9831E3764F200EBA699 /* CustomCamera */,
			);
		};
/* End PBXProject section */

/* Begin PBXReferenceProxy section */
		2F81C4AF2152D5CE00A45C3A /* GPUImage.framework */ = {
			isa = PBXReferenceProxy;
			fileType = wrapper.framework;
			path = GPUImage.framework;
			remoteRef = 2F81C4AE2152D5CE00A45C3A /* PBXContainerItemProxy */;
			sourceTree = BUILT_PRODUCTS_DIR;
		};
		2F81C4B12152D5CE00A45C3A /* GPUImageTests_macOS.xctest */ = {
			isa = PBXReferenceProxy;
			fileType = wrapper.cfbundle;
			path = GPUImageTests_macOS.xctest;
			remoteRef = 2F81C4B02152D5CE00A45C3A /* PBXContainerItemProxy */;
			sourceTree = BUILT_PRODUCTS_DIR;
		};
		2F81C4B32152D5CE00A45C3A /* GPUImage.framework */ = {
			isa = PBXReferenceProxy;
			fileType = wrapper.framework;
			path = GPUImage.framework;
			remoteRef = 2F81C4B22152D5CE00A45C3A /* PBXContainerItemProxy */;
			sourceTree = BUILT_PRODUCTS_DIR;
		};
		2F81C4B52152D5CE00A45C3A /* GPUImageTests_iOS.xctest */ = {
			isa = PBXReferenceProxy;
			fileType = wrapper.cfbundle;
			path = GPUImageTests_iOS.xctest;
			remoteRef = 2F81C4B42152D5CE00A45C3A /* PBXContainerItemProxy */;
			sourceTree = BUILT_PRODUCTS_DIR;
		};
/* End PBXReferenceProxy section */

/* Begin PBXResourcesBuildPhase section */
		9E18F9821E3764F200EBA699 /* Resources */ = {
			isa = PBXResourcesBuildPhase;
			buildActionMask = 2147483647;
			files = (
				9E18F9921E3764F200EBA699 /* LaunchScreen.storyboard in Resources */,
				9E18F98F1E3764F200EBA699 /* Assets.xcassets in Resources */,
				9E18F98D1E3764F200EBA699 /* Main.storyboard in Resources */,
			);
			runOnlyForDeploymentPostprocessing = 0;
		};
/* End PBXResourcesBuildPhase section */

/* Begin PBXShellScriptBuildPhase section */
		204FAD7F30C16366BAC54F5B /* [CP] Embed Pods Frameworks */ = {
			isa = PBXShellScriptBuildPhase;
			buildActionMask = 2147483647;
			files = (
			);
			inputPaths = (
				"${SRCROOT}/Pods/Target Support Files/Pods-CustomCamera/Pods-CustomCamera-frameworks.sh",
				"${BUILT_PRODUCTS_DIR}/GPUImage/GPUImage.framework",
				"${BUILT_PRODUCTS_DIR}/MathpixClient/MathpixClient.framework",
				"${BUILT_PRODUCTS_DIR}/PureLayout/PureLayout.framework",
			);
			name = "[CP] Embed Pods Frameworks";
			outputPaths = (
				"${TARGET_BUILD_DIR}/${FRAMEWORKS_FOLDER_PATH}/GPUImage.framework",
				"${TARGET_BUILD_DIR}/${FRAMEWORKS_FOLDER_PATH}/MathpixClient.framework",
				"${TARGET_BUILD_DIR}/${FRAMEWORKS_FOLDER_PATH}/PureLayout.framework",
			);
			runOnlyForDeploymentPostprocessing = 0;
			shellPath = /bin/sh;
			shellScript = "\"${SRCROOT}/Pods/Target Support Files/Pods-CustomCamera/Pods-CustomCamera-frameworks.sh\"\n";
			showEnvVarsInLog = 0;
		};
		C8A34C6C99E8D2D1ECC99E6D /* [CP] Check Pods Manifest.lock */ = {
			isa = PBXShellScriptBuildPhase;
			buildActionMask = 2147483647;
			files = (
			);
			inputPaths = (
				"${PODS_PODFILE_DIR_PATH}/Podfile.lock",
				"${PODS_ROOT}/Manifest.lock",
			);
			name = "[CP] Check Pods Manifest.lock";
			outputPaths = (
				"$(DERIVED_FILE_DIR)/Pods-CustomCamera-checkManifestLockResult.txt",
			);
			runOnlyForDeploymentPostprocessing = 0;
			shellPath = /bin/sh;
			shellScript = "diff \"${PODS_PODFILE_DIR_PATH}/Podfile.lock\" \"${PODS_ROOT}/Manifest.lock\" > /dev/null\nif [ $? != 0 ] ; then\n    # print error to STDERR\n    echo \"error: The sandbox is not in sync with the Podfile.lock. Run 'pod install' or update your CocoaPods installation.\" >&2\n    exit 1\nfi\n# This output is used by Xcode 'outputs' to avoid re-running this script phase.\necho \"SUCCESS\" > \"${SCRIPT_OUTPUT_FILE_0}\"\n";
			showEnvVarsInLog = 0;
		};
/* End PBXShellScriptBuildPhase section */

/* Begin PBXSourcesBuildPhase section */
		9E18F9801E3764F200EBA699 /* Sources */ = {
			isa = PBXSourcesBuildPhase;
			buildActionMask = 2147483647;
			files = (
				9E18F98A1E3764F200EBA699 /* ViewController.swift in Sources */,
				2F5103D52153012B0019B083 /* MathOperation.swift in Sources */,
				9E18F9881E3764F200EBA699 /* AppDelegate.swift in Sources */,
				9E18F99A1E37658A00EBA699 /* PhotoViewController.swift in Sources */,
			);
			runOnlyForDeploymentPostprocessing = 0;
		};
/* End PBXSourcesBuildPhase section */

/* Begin PBXTargetDependency section */
		2F81C4B72152D5E200A45C3A /* PBXTargetDependency */ = {
			isa = PBXTargetDependency;
			name = GPUImage_iOS;
			targetProxy = 2F81C4B62152D5E200A45C3A /* PBXContainerItemProxy */;
		};
/* End PBXTargetDependency section */

/* Begin PBXVariantGroup section */
		9E18F98B1E3764F200EBA699 /* Main.storyboard */ = {
			isa = PBXVariantGroup;
			children = (
				9E18F98C1E3764F200EBA699 /* Base */,
			);
			name = Main.storyboard;
			sourceTree = "<group>";
		};
		9E18F9901E3764F200EBA699 /* LaunchScreen.storyboard */ = {
			isa = PBXVariantGroup;
			children = (
				9E18F9911E3764F200EBA699 /* Base */,
			);
			name = LaunchScreen.storyboard;
			sourceTree = "<group>";
		};
/* End PBXVariantGroup section */

/* Begin XCBuildConfiguration section */
		9E18F9941E3764F200EBA699 /* Debug */ = {
			isa = XCBuildConfiguration;
			buildSettings = {
				ALWAYS_SEARCH_USER_PATHS = NO;
				CLANG_ANALYZER_NONNULL = YES;
				CLANG_CXX_LANGUAGE_STANDARD = "gnu++0x";
				CLANG_CXX_LIBRARY = "libc++";
				CLANG_ENABLE_MODULES = YES;
				CLANG_ENABLE_OBJC_ARC = YES;
				CLANG_WARN_BOOL_CONVERSION = YES;
				CLANG_WARN_CONSTANT_CONVERSION = YES;
				CLANG_WARN_DIRECT_OBJC_ISA_USAGE = YES_ERROR;
				CLANG_WARN_DOCUMENTATION_COMMENTS = YES;
				CLANG_WARN_EMPTY_BODY = YES;
				CLANG_WARN_ENUM_CONVERSION = YES;
				CLANG_WARN_INFINITE_RECURSION = YES;
				CLANG_WARN_INT_CONVERSION = YES;
				CLANG_WARN_OBJC_ROOT_CLASS = YES_ERROR;
				CLANG_WARN_SUSPICIOUS_MOVE = YES;
				CLANG_WARN_UNREACHABLE_CODE = YES;
				CLANG_WARN__DUPLICATE_METHOD_MATCH = YES;
				"CODE_SIGN_IDENTITY[sdk=iphoneos*]" = "iPhone Developer";
				COPY_PHASE_STRIP = NO;
				DEBUG_INFORMATION_FORMAT = dwarf;
				ENABLE_STRICT_OBJC_MSGSEND = YES;
				ENABLE_TESTABILITY = YES;
				GCC_C_LANGUAGE_STANDARD = gnu99;
				GCC_DYNAMIC_NO_PIC = NO;
				GCC_NO_COMMON_BLOCKS = YES;
				GCC_OPTIMIZATION_LEVEL = 0;
				GCC_PREPROCESSOR_DEFINITIONS = (
					"DEBUG=1",
					"$(inherited)",
				);
				GCC_WARN_64_TO_32_BIT_CONVERSION = YES;
				GCC_WARN_ABOUT_RETURN_TYPE = YES_ERROR;
				GCC_WARN_UNDECLARED_SELECTOR = YES;
				GCC_WARN_UNINITIALIZED_AUTOS = YES_AGGRESSIVE;
				GCC_WARN_UNUSED_FUNCTION = YES;
				GCC_WARN_UNUSED_VARIABLE = YES;
				IPHONEOS_DEPLOYMENT_TARGET = 10.2;
				MTL_ENABLE_DEBUG_INFO = YES;
				ONLY_ACTIVE_ARCH = YES;
				SDKROOT = iphoneos;
				SWIFT_ACTIVE_COMPILATION_CONDITIONS = DEBUG;
				SWIFT_OPTIMIZATION_LEVEL = "-Onone";
			};
			name = Debug;
		};
		9E18F9951E3764F200EBA699 /* Release */ = {
			isa = XCBuildConfiguration;
			buildSettings = {
				ALWAYS_SEARCH_USER_PATHS = NO;
				CLANG_ANALYZER_NONNULL = YES;
				CLANG_CXX_LANGUAGE_STANDARD = "gnu++0x";
				CLANG_CXX_LIBRARY = "libc++";
				CLANG_ENABLE_MODULES = YES;
				CLANG_ENABLE_OBJC_ARC = YES;
				CLANG_WARN_BOOL_CONVERSION = YES;
				CLANG_WARN_CONSTANT_CONVERSION = YES;
				CLANG_WARN_DIRECT_OBJC_ISA_USAGE = YES_ERROR;
				CLANG_WARN_DOCUMENTATION_COMMENTS = YES;
				CLANG_WARN_EMPTY_BODY = YES;
				CLANG_WARN_ENUM_CONVERSION = YES;
				CLANG_WARN_INFINITE_RECURSION = YES;
				CLANG_WARN_INT_CONVERSION = YES;
				CLANG_WARN_OBJC_ROOT_CLASS = YES_ERROR;
				CLANG_WARN_SUSPICIOUS_MOVE = YES;
				CLANG_WARN_UNREACHABLE_CODE = YES;
				CLANG_WARN__DUPLICATE_METHOD_MATCH = YES;
				"CODE_SIGN_IDENTITY[sdk=iphoneos*]" = "iPhone Developer";
				COPY_PHASE_STRIP = NO;
				DEBUG_INFORMATION_FORMAT = "dwarf-with-dsym";
				ENABLE_NS_ASSERTIONS = NO;
				ENABLE_STRICT_OBJC_MSGSEND = YES;
				GCC_C_LANGUAGE_STANDARD = gnu99;
				GCC_NO_COMMON_BLOCKS = YES;
				GCC_WARN_64_TO_32_BIT_CONVERSION = YES;
				GCC_WARN_ABOUT_RETURN_TYPE = YES_ERROR;
				GCC_WARN_UNDECLARED_SELECTOR = YES;
				GCC_WARN_UNINITIALIZED_AUTOS = YES_AGGRESSIVE;
				GCC_WARN_UNUSED_FUNCTION = YES;
				GCC_WARN_UNUSED_VARIABLE = YES;
				IPHONEOS_DEPLOYMENT_TARGET = 10.2;
				MTL_ENABLE_DEBUG_INFO = NO;
				SDKROOT = iphoneos;
				SWIFT_OPTIMIZATION_LEVEL = "-Owholemodule";
				VALIDATE_PRODUCT = YES;
			};
			name = Release;
		};
		9E18F9971E3764F200EBA699 /* Debug */ = {
			isa = XCBuildConfiguration;
			baseConfigurationReference = B7BE1AC26114698E3029C74D /* Pods-CustomCamera.debug.xcconfig */;
			buildSettings = {
				ASSETCATALOG_COMPILER_APPICON_NAME = AppIcon;
				DEVELOPMENT_TEAM = D832P2576Y;
				INFOPLIST_FILE = CustomCamera/Info.plist;
				LD_RUNPATH_SEARCH_PATHS = "$(inherited) @executable_path/Frameworks";
				PRODUCT_BUNDLE_IDENTIFIER = com.petrupotrimba2;
				PRODUCT_NAME = "$(TARGET_NAME)";
				SWIFT_VERSION = 3.0;
			};
			name = Debug;
		};
		9E18F9981E3764F200EBA699 /* Release */ = {
			isa = XCBuildConfiguration;
			baseConfigurationReference = DC460F4887125C099F4BF2AA /* Pods-CustomCamera.release.xcconfig */;
			buildSettings = {
				ASSETCATALOG_COMPILER_APPICON_NAME = AppIcon;
				DEVELOPMENT_TEAM = D832P2576Y;
				INFOPLIST_FILE = CustomCamera/Info.plist;
				LD_RUNPATH_SEARCH_PATHS = "$(inherited) @executable_path/Frameworks";
				PRODUCT_BUNDLE_IDENTIFIER = com.petrupotrimba2;
				PRODUCT_NAME = "$(TARGET_NAME)";
				SWIFT_VERSION = 3.0;
			};
			name = Release;
		};
/* End XCBuildConfiguration section */

/* Begin XCConfigurationList section */
		9E18F97F1E3764F200EBA699 /* Build configuration list for PBXProject "CustomCamera" */ = {
			isa = XCConfigurationList;
			buildConfigurations = (
				9E18F9941E3764F200EBA699 /* Debug */,
				9E18F9951E3764F200EBA699 /* Release */,
			);
			defaultConfigurationIsVisible = 0;
			defaultConfigurationName = Release;
		};
		9E18F9961E3764F200EBA699 /* Build configuration list for PBXNativeTarget "CustomCamera" */ = {
			isa = XCConfigurationList;
			buildConfigurations = (
				9E18F9971E3764F200EBA699 /* Debug */,
				9E18F9981E3764F200EBA699 /* Release */,
			);
			defaultConfigurationIsVisible = 0;
			defaultConfigurationName = Release;
		};
/* End XCConfigurationList section */
	};
	rootObject = 9E18F97C1E3764F200EBA699 /* Project object */;
}
